
Microsoft Visual Studio Solution File, Format Version 12.00
# Visual Studio Version 17
VisualStudioVersion = 17.0.31903.59
MinimumVisualStudioVersion = 10.0.40219.1
Project("{FAE04EC0-301F-11D3-BF4B-00C04F79EFBC}") = "Application", "Application\Application.csproj", "{27454786-E0F9-4DE2-8D11-713C87D6AAB0}"
EndProject
Project("{FAE04EC0-301F-11D3-BF4B-00C04F79EFBC}") = "Domain", "Domain\Domain.csproj", "{45F16C29-849D-4558-9CCC-653C1E18A208}"
EndProject
Project("{2150E333-8FDC-42A3-9474-1A3956D46DE8}") = "Infrastructure", "Infrastructure", "{DFEE68D8-A7D0-1A41-506C-9B74AA9A7B7B}"
EndProject
Project("{2150E333-8FDC-42A3-9474-1A3956D46DE8}") = "Adapters", "Adapters", "{8FEF3D32-2337-5401-66AF-200557C896E2}"
EndProject
Project("{2150E333-8FDC-42A3-9474-1A3956D46DE8}") = "In", "In", "{0972B7BE-97C6-42E5-20E2-3FC1BB0ABBF2}"
EndProject
Project("{FAE04EC0-301F-11D3-BF4B-00C04F79EFBC}") = "WebApi", "Infrastructure\Adapters\In\WebApi\WebApi.csproj", "{CA989E2E-6A77-4C1F-A69A-474374B60E47}"
EndProject
Project("{2150E333-8FDC-42A3-9474-1A3956D46DE8}") = "Out", "Out", "{16868EA9-25C3-1325-FB3C-ECC7BE8D3E06}"
EndProject
Project("{FAE04EC0-301F-11D3-BF4B-00C04F79EFBC}") = "RepositoryEntityFrameworkSqlServer", "Infrastructure\Adapters\Out\RepositoryEntityFrameworkSqlServer\RepositoryEntityFrameworkSqlServer.csproj", "{0F9DB4D4-106C-403C-8279-687ACBC9745D}"
EndProject
Global
	GlobalSection(SolutionConfigurationPlatforms) = preSolution
		Debug|Any CPU = Debug|Any CPU
		Debug|x64 = Debug|x64
		Debug|x86 = Debug|x86
		Release|Any CPU = Release|Any CPU
		Release|x64 = Release|x64
		Release|x86 = Release|x86
	EndGlobalSection
	GlobalSection(ProjectConfigurationPlatforms) = postSolution
		{27454786-E0F9-4DE2-8D11-713C87D6AAB0}.Debug|Any CPU.ActiveCfg = Debug|Any CPU
		{27454786-E0F9-4DE2-8D11-713C87D6AAB0}.Debug|Any CPU.Build.0 = Debug|Any CPU
		{27454786-E0F9-4DE2-8D11-713C87D6AAB0}.Debug|x64.ActiveCfg = Debug|Any CPU
		{27454786-E0F9-4DE2-8D11-713C87D6AAB0}.Debug|x64.Build.0 = Debug|Any CPU
		{27454786-E0F9-4DE2-8D11-713C87D6AAB0}.Debug|x86.ActiveCfg = Debug|Any CPU
		{27454786-E0F9-4DE2-8D11-713C87D6AAB0}.Debug|x86.Build.0 = Debug|Any CPU
		{27454786-E0F9-4DE2-8D11-713C87D6AAB0}.Release|Any CPU.ActiveCfg = Release|Any CPU
		{27454786-E0F9-4DE2-8D11-713C87D6AAB0}.Release|Any CPU.Build.0 = Release|Any CPU
		{27454786-E0F9-4DE2-8D11-713C87D6AAB0}.Release|x64.ActiveCfg = Release|Any CPU
		{27454786-E0F9-4DE2-8D11-713C87D6AAB0}.Release|x64.Build.0 = Release|Any CPU
		{27454786-E0F9-4DE2-8D11-713C87D6AAB0}.Release|x86.ActiveCfg = Release|Any CPU
		{27454786-E0F9-4DE2-8D11-713C87D6AAB0}.Release|x86.Build.0 = Release|Any CPU
		{45F16C29-849D-4558-9CCC-653C1E18A208}.Debug|Any CPU.ActiveCfg = Debug|Any CPU
		{45F16C29-849D-4558-9CCC-653C1E18A208}.Debug|Any CPU.Build.0 = Debug|Any CPU
		{45F16C29-849D-4558-9CCC-653C1E18A208}.Debug|x64.ActiveCfg = Debug|Any CPU
		{45F16C29-849D-4558-9CCC-653C1E18A208}.Debug|x64.Build.0 = Debug|Any CPU
		{45F16C29-849D-4558-9CCC-653C1E18A208}.Debug|x86.ActiveCfg = Debug|Any CPU
		{45F16C29-849D-4558-9CCC-653C1E18A208}.Debug|x86.Build.0 = Debug|Any CPU
		{45F16C29-849D-4558-9CCC-653C1E18A208}.Release|Any CPU.ActiveCfg = Release|Any CPU
		{45F16C29-849D-4558-9CCC-653C1E18A208}.Release|Any CPU.Build.0 = Release|Any CPU
		{45F16C29-849D-4558-9CCC-653C1E18A208}.Release|x64.ActiveCfg = Release|Any CPU
		{45F16C29-849D-4558-9CCC-653C1E18A208}.Release|x64.Build.0 = Release|Any CPU
		{45F16C29-849D-4558-9CCC-653C1E18A208}.Release|x86.ActiveCfg = Release|Any CPU
		{45F16C29-849D-4558-9CCC-653C1E18A208}.Release|x86.Build.0 = Release|Any CPU
		{CA989E2E-6A77-4C1F-A69A-474374B60E47}.Debug|Any CPU.ActiveCfg = Debug|Any CPU
		{CA989E2E-6A77-4C1F-A69A-474374B60E47}.Debug|Any CPU.Build.0 = Debug|Any CPU
		{CA989E2E-6A77-4C1F-A69A-474374B60E47}.Debug|x64.ActiveCfg = Debug|Any CPU
		{CA989E2E-6A77-4C1F-A69A-474374B60E47}.Debug|x64.Build.0 = Debug|Any CPU
		{CA989E2E-6A77-4C1F-A69A-474374B60E47}.Debug|x86.ActiveCfg = Debug|Any CPU
		{CA989E2E-6A77-4C1F-A69A-474374B60E47}.Debug|x86.Build.0 = Debug|Any CPU
		{CA989E2E-6A77-4C1F-A69A-474374B60E47}.Release|Any CPU.ActiveCfg = Release|Any CPU
		{CA989E2E-6A77-4C1F-A69A-474374B60E47}.Release|Any CPU.Build.0 = Release|Any CPU
		{CA989E2E-6A77-4C1F-A69A-474374B60E47}.Release|x64.ActiveCfg = Release|Any CPU
		{CA989E2E-6A77-4C1F-A69A-474374B60E47}.Release|x64.Build.0 = Release|Any CPU
		{CA989E2E-6A77-4C1F-A69A-474374B60E47}.Release|x86.ActiveCfg = Release|Any CPU
		{CA989E2E-6A77-4C1F-A69A-474374B60E47}.Release|x86.Build.0 = Release|Any CPU
		{0F9DB4D4-106C-403C-8279-687ACBC9745D}.Debug|Any CPU.ActiveCfg = Debug|Any CPU
		{0F9DB4D4-106C-403C-8279-687ACBC9745D}.Debug|Any CPU.Build.0 = Debug|Any CPU
		{0F9DB4D4-106C-403C-8279-687ACBC9745D}.Debug|x64.ActiveCfg = Debug|Any CPU
		{0F9DB4D4-106C-403C-8279-687ACBC9745D}.Debug|x64.Build.0 = Debug|Any CPU
		{0F9DB4D4-106C-403C-8279-687ACBC9745D}.Debug|x86.ActiveCfg = Debug|Any CPU
		{0F9DB4D4-106C-403C-8279-687ACBC9745D}.Debug|x86.Build.0 = Debug|Any CPU
		{0F9DB4D4-106C-403C-8279-687ACBC9745D}.Release|Any CPU.ActiveCfg = Release|Any CPU
		{0F9DB4D4-106C-403C-8279-687ACBC9745D}.Release|Any CPU.Build.0 = Release|Any CPU
		{0F9DB4D4-106C-403C-8279-687ACBC9745D}.Release|x64.ActiveCfg = Release|Any CPU
		{0F9DB4D4-106C-403C-8279-687ACBC9745D}.Release|x64.Build.0 = Release|Any CPU
		{0F9DB4D4-106C-403C-8279-687ACBC9745D}.Release|x86.ActiveCfg = Release|Any CPU
		{0F9DB4D4-106C-403C-8279-687ACBC9745D}.Release|x86.Build.0 = Release|Any CPU
	EndGlobalSection
	GlobalSection(SolutionProperties) = preSolution
		HideSolutionNode = FALSE
	EndGlobalSection
	GlobalSection(NestedProjects) = preSolution
		{8FEF3D32-2337-5401-66AF-200557C896E2} = {DFEE68D8-A7D0-1A41-506C-9B74AA9A7B7B}
		{0972B7BE-97C6-42E5-20E2-3FC1BB0ABBF2} = {8FEF3D32-2337-5401-66AF-200557C896E2}
		{CA989E2E-6A77-4C1F-A69A-474374B60E47} = {0972B7BE-97C6-42E5-20E2-3FC1BB0ABBF2}
		{16868EA9-25C3-1325-FB3C-ECC7BE8D3E06} = {8FEF3D32-2337-5401-66AF-200557C896E2}
		{0F9DB4D4-106C-403C-8279-687ACBC9745D} = {16868EA9-25C3-1325-FB3C-ECC7BE8D3E06}
	EndGlobalSection
EndGlobal
